
Microsoft Visual Studio Solution File, Format Version 12.00
# Visual Studio Version 16
VisualStudioVersion = 16.0.29418.71
MinimumVisualStudioVersion = 10.0.40219.1
Project("{FAE04EC0-301F-11D3-BF4B-00C04F79EFBC}") = "dotNet5780_02_2956_9500", "dotNet5780_02_2956_9500\dotNet5780_02_2956_9500.csproj", "{9D4489A5-0AB9-4156-AA3F-30BEFC823A6F}"
EndProject
Global
	GlobalSection(SolutionConfigurationPlatforms) = preSolution
		Debug|Any CPU = Debug|Any CPU
		Release|Any CPU = Release|Any CPU
	EndGlobalSection
	GlobalSection(ProjectConfigurationPlatforms) = postSolution
		{9D4489A5-0AB9-4156-AA3F-30BEFC823A6F}.Debug|Any CPU.ActiveCfg = Debug|Any CPU
		{9D4489A5-0AB9-4156-AA3F-30BEFC823A6F}.Debug|Any CPU.Build.0 = Debug|Any CPU
		{9D4489A5-0AB9-4156-AA3F-30BEFC823A6F}.Release|Any CPU.ActiveCfg = Release|Any CPU
		{9D4489A5-0AB9-4156-AA3F-30BEFC823A6F}.Release|Any CPU.Build.0 = Release|Any CPU
	EndGlobalSection
	GlobalSection(SolutionProperties) = preSolution
		HideSolutionNode = FALSE
	EndGlobalSection
	GlobalSection(ExtensibilityGlobals) = postSolution
		SolutionGuid = {B1043F30-49FA-443D-BA0D-3C9397D5D5F6}
	EndGlobalSection
EndGlobal
